
Microsoft Visual Studio Solution File, Format Version 12.00
# Visual Studio Version 16
VisualStudioVersion = 16.0.29306.81
MinimumVisualStudioVersion = 10.0.40219.1
Project("{E24C65DC-7377-472B-9ABA-BC803B73C61A}") = "TestProject", ".", "{E5F179C7-A020-4009-8864-FC50B0A87036}"
	ProjectSection(WebsiteProperties) = preProject
		TargetFrameworkMoniker = ".NETFramework,Version%3Dv4.0"
		Debug.AspNetCompiler.VirtualPath = "/localhost_50006"
		Debug.AspNetCompiler.PhysicalPath = "..\TestProject\"
		Debug.AspNetCompiler.TargetPath = "PrecompiledWeb\localhost_50006\"
		Debug.AspNetCompiler.Updateable = "true"
		Debug.AspNetCompiler.ForceOverwrite = "true"
		Debug.AspNetCompiler.FixedNames = "false"
		Debug.AspNetCompiler.Debug = "True"
		Release.AspNetCompiler.VirtualPath = "/localhost_50006"
		Release.AspNetCompiler.PhysicalPath = "..\TestProject\"
		Release.AspNetCompiler.TargetPath = "PrecompiledWeb\localhost_50006\"
		Release.AspNetCompiler.Updateable = "true"
		Release.AspNetCompiler.ForceOverwrite = "true"
		Release.AspNetCompiler.FixedNames = "false"
		Release.AspNetCompiler.Debug = "False"
		VWDPort = "50006"
		SlnRelativePath = "..\TestProject\"
	EndProjectSection
EndProject
Project("{FAE04EC0-301F-11D3-BF4B-00C04F79EFBC}") = "Tests", "..\Tests\Tests.csproj", "{0AB6312F-0493-4C0A-AC69-7F17CBE5FCE5}"
EndProject
Global
	GlobalSection(SolutionConfigurationPlatforms) = preSolution
		Debug|Any CPU = Debug|Any CPU
		Release|Any CPU = Release|Any CPU
	EndGlobalSection
	GlobalSection(ProjectConfigurationPlatforms) = postSolution
		{E5F179C7-A020-4009-8864-FC50B0A87036}.Debug|Any CPU.ActiveCfg = Debug|Any CPU
		{E5F179C7-A020-4009-8864-FC50B0A87036}.Debug|Any CPU.Build.0 = Debug|Any CPU
		{E5F179C7-A020-4009-8864-FC50B0A87036}.Release|Any CPU.ActiveCfg = Debug|Any CPU
		{E5F179C7-A020-4009-8864-FC50B0A87036}.Release|Any CPU.Build.0 = Debug|Any CPU
		{0AB6312F-0493-4C0A-AC69-7F17CBE5FCE5}.Debug|Any CPU.ActiveCfg = Debug|Any CPU
		{0AB6312F-0493-4C0A-AC69-7F17CBE5FCE5}.Debug|Any CPU.Build.0 = Debug|Any CPU
		{0AB6312F-0493-4C0A-AC69-7F17CBE5FCE5}.Release|Any CPU.ActiveCfg = Release|Any CPU
		{0AB6312F-0493-4C0A-AC69-7F17CBE5FCE5}.Release|Any CPU.Build.0 = Release|Any CPU
	EndGlobalSection
	GlobalSection(SolutionProperties) = preSolution
		HideSolutionNode = FALSE
	EndGlobalSection
	GlobalSection(ExtensibilityGlobals) = postSolution
		SolutionGuid = {95915C2E-9FD8-4124-9A59-772C5552DFF1}
	EndGlobalSection
EndGlobal
